
Microsoft Visual Studio Solution File, Format Version 12.00
# Visual Studio 14
VisualStudioVersion = 14.0.25420.1
MinimumVisualStudioVersion = 10.0.40219.1
Project("{8BC9CEB8-8B4A-11D0-8D11-00A0C91BC942}") = "qTESLA-I", "qTESLA-I.vcxproj", "{3C986F96-AB5E-40C6-9C13-6AD8E39F07EA}"
EndProject
Project("{8BC9CEB8-8B4A-11D0-8D11-00A0C91BC942}") = "test-qTESLA-I", "test_qTESLA-I.vcxproj", "{76793FC2-11F1-40AE-B8D8-966D62DB4214}"
EndProject
Project("{8BC9CEB8-8B4A-11D0-8D11-00A0C91BC942}") = "test-qTESLA-V", "test_qTESLA-V.vcxproj", "{A8769336-57C4-49FF-A3E2-2642984AA6AE}"
EndProject
Project("{8BC9CEB8-8B4A-11D0-8D11-00A0C91BC942}") = "qTESLA-V", "qTESLA-V.vcxproj", "{992C0414-0E04-4B68-8FAD-811A45A6643D}"
EndProject
Project("{8BC9CEB8-8B4A-11D0-8D11-00A0C91BC942}") = "qTESLA-III", "qTESLA-III.vcxproj", "{AE9AF798-A31D-4E8F-AF1E-D0BF20DDEC1D}"
EndProject
Project("{8BC9CEB8-8B4A-11D0-8D11-00A0C91BC942}") = "test-qTESLA-III", "test_qTESLA-III.vcxproj", "{61E6B5A7-DD67-4687-8B48-A993BF16BBAF}"
	ProjectSection(ProjectDependencies) = postProject
		{AE9AF798-A31D-4E8F-AF1E-D0BF20DDEC1D} = {AE9AF798-A31D-4E8F-AF1E-D0BF20DDEC1D}
	EndProjectSection
EndProject
Global
	GlobalSection(SolutionConfigurationPlatforms) = preSolution
		Debug|x64 = Debug|x64
		Debug|x86 = Debug|x86
		Release|x64 = Release|x64
		Release|x86 = Release|x86
	EndGlobalSection
	GlobalSection(ProjectConfigurationPlatforms) = postSolution
		{3C986F96-AB5E-40C6-9C13-6AD8E39F07EA}.Debug|x64.ActiveCfg = Debug|x64
		{3C986F96-AB5E-40C6-9C13-6AD8E39F07EA}.Debug|x64.Build.0 = Debug|x64
		{3C986F96-AB5E-40C6-9C13-6AD8E39F07EA}.Debug|x86.ActiveCfg = Debug|Win32
		{3C986F96-AB5E-40C6-9C13-6AD8E39F07EA}.Debug|x86.Build.0 = Debug|Win32
		{3C986F96-AB5E-40C6-9C13-6AD8E39F07EA}.Release|x64.ActiveCfg = Release|x64
		{3C986F96-AB5E-40C6-9C13-6AD8E39F07EA}.Release|x64.Build.0 = Release|x64
		{3C986F96-AB5E-40C6-9C13-6AD8E39F07EA}.Release|x86.ActiveCfg = Release|Win32
		{3C986F96-AB5E-40C6-9C13-6AD8E39F07EA}.Release|x86.Build.0 = Release|Win32
		{76793FC2-11F1-40AE-B8D8-966D62DB4214}.Debug|x64.ActiveCfg = Debug|x64
		{76793FC2-11F1-40AE-B8D8-966D62DB4214}.Debug|x64.Build.0 = Debug|x64
		{76793FC2-11F1-40AE-B8D8-966D62DB4214}.Debug|x86.ActiveCfg = Debug|Win32
		{76793FC2-11F1-40AE-B8D8-966D62DB4214}.Debug|x86.Build.0 = Debug|Win32
		{76793FC2-11F1-40AE-B8D8-966D62DB4214}.Release|x64.ActiveCfg = Release|x64
		{76793FC2-11F1-40AE-B8D8-966D62DB4214}.Release|x64.Build.0 = Release|x64
		{76793FC2-11F1-40AE-B8D8-966D62DB4214}.Release|x86.ActiveCfg = Release|Win32
		{76793FC2-11F1-40AE-B8D8-966D62DB4214}.Release|x86.Build.0 = Release|Win32
		{A8769336-57C4-49FF-A3E2-2642984AA6AE}.Debug|x64.ActiveCfg = Debug|x64
		{A8769336-57C4-49FF-A3E2-2642984AA6AE}.Debug|x64.Build.0 = Debug|x64
		{A8769336-57C4-49FF-A3E2-2642984AA6AE}.Debug|x86.ActiveCfg = Debug|Win32
		{A8769336-57C4-49FF-A3E2-2642984AA6AE}.Debug|x86.Build.0 = Debug|Win32
		{A8769336-57C4-49FF-A3E2-2642984AA6AE}.Release|x64.ActiveCfg = Release|x64
		{A8769336-57C4-49FF-A3E2-2642984AA6AE}.Release|x64.Build.0 = Release|x64
		{A8769336-57C4-49FF-A3E2-2642984AA6AE}.Release|x86.ActiveCfg = Release|Win32
		{A8769336-57C4-49FF-A3E2-2642984AA6AE}.Release|x86.Build.0 = Release|Win32
		{992C0414-0E04-4B68-8FAD-811A45A6643D}.Debug|x64.ActiveCfg = Debug|x64
		{992C0414-0E04-4B68-8FAD-811A45A6643D}.Debug|x64.Build.0 = Debug|x64
		{992C0414-0E04-4B68-8FAD-811A45A6643D}.Debug|x86.ActiveCfg = Debug|Win32
		{992C0414-0E04-4B68-8FAD-811A45A6643D}.Debug|x86.Build.0 = Debug|Win32
		{992C0414-0E04-4B68-8FAD-811A45A6643D}.Release|x64.ActiveCfg = Release|x64
		{992C0414-0E04-4B68-8FAD-811A45A6643D}.Release|x64.Build.0 = Release|x64
		{992C0414-0E04-4B68-8FAD-811A45A6643D}.Release|x86.ActiveCfg = Release|Win32
		{992C0414-0E04-4B68-8FAD-811A45A6643D}.Release|x86.Build.0 = Release|Win32
		{AE9AF798-A31D-4E8F-AF1E-D0BF20DDEC1D}.Debug|x64.ActiveCfg = Debug|x64
		{AE9AF798-A31D-4E8F-AF1E-D0BF20DDEC1D}.Debug|x64.Build.0 = Debug|x64
		{AE9AF798-A31D-4E8F-AF1E-D0BF20DDEC1D}.Debug|x86.ActiveCfg = Debug|Win32
		{AE9AF798-A31D-4E8F-AF1E-D0BF20DDEC1D}.Debug|x86.Build.0 = Debug|Win32
		{AE9AF798-A31D-4E8F-AF1E-D0BF20DDEC1D}.Release|x64.ActiveCfg = Release|x64
		{AE9AF798-A31D-4E8F-AF1E-D0BF20DDEC1D}.Release|x64.Build.0 = Release|x64
		{AE9AF798-A31D-4E8F-AF1E-D0BF20DDEC1D}.Release|x86.ActiveCfg = Release|Win32
		{AE9AF798-A31D-4E8F-AF1E-D0BF20DDEC1D}.Release|x86.Build.0 = Release|Win32
		{61E6B5A7-DD67-4687-8B48-A993BF16BBAF}.Debug|x64.ActiveCfg = Debug|x64
		{61E6B5A7-DD67-4687-8B48-A993BF16BBAF}.Debug|x64.Build.0 = Debug|x64
		{61E6B5A7-DD67-4687-8B48-A993BF16BBAF}.Debug|x86.ActiveCfg = Debug|Win32
		{61E6B5A7-DD67-4687-8B48-A993BF16BBAF}.Debug|x86.Build.0 = Debug|Win32
		{61E6B5A7-DD67-4687-8B48-A993BF16BBAF}.Release|x64.ActiveCfg = Release|x64
		{61E6B5A7-DD67-4687-8B48-A993BF16BBAF}.Release|x64.Build.0 = Release|x64
		{61E6B5A7-DD67-4687-8B48-A993BF16BBAF}.Release|x86.ActiveCfg = Release|Win32
		{61E6B5A7-DD67-4687-8B48-A993BF16BBAF}.Release|x86.Build.0 = Release|Win32
	EndGlobalSection
	GlobalSection(SolutionProperties) = preSolution
		HideSolutionNode = FALSE
	EndGlobalSection
EndGlobal
