<?xml version="1.0" encoding="utf-8"?>
<Project ToolsVersion="4.0" xmlns="http://schemas.microsoft.com/developer/msbuild/2003">
  <ItemGroup>
    <ClInclude Include="..\random\random.h">
      <Filter>Source Files\random</Filter>
    </ClInclude>
    <ClInclude Include="..\sha3\fips202.h">
      <Filter>Source Files\sha3</Filter>
    </ClInclude>
    <ClInclude Include="..\api.h">
      <Filter>Header Files</Filter>
    </ClInclude>
    <ClInclude Include="..\poly.h">
      <Filter>Header Files</Filter>
    </ClInclude>
    <ClInclude Include="..\sample.h">
      <Filter>Header Files</Filter>
    </ClInclude>
    <ClInclude Include="..\config.h">
      <Filter>Header Files</Filter>
    </ClInclude>
    <ClInclude Include="..\params.h">
      <Filter>Header Files</Filter>
    </ClInclude>
    <ClInclude Include="..\pack.h">
      <Filter>Header Files</Filter>
    </ClInclude>
    <ClInclude Include="..\gauss.h">
      <Filter>Header Files</Filter>
    </ClInclude>
    <ClInclude Include="..\CDT32.h">
      <Filter>Header Files</Filter>
    </ClInclude>
    <ClInclude Include="..\CDT64.h">
      <Filter>Header Files</Filter>
    </ClInclude>
  </ItemGroup>
  <ItemGroup>
    <Filter Include="Header Files">
      <UniqueIdentifier>{47469e83-ec7a-4d69-baf0-ab15e961629e}</UniqueIdentifier>
    </Filter>
    <Filter Include="Source Files">
      <UniqueIdentifier>{7041c366-2ed8-4a00-8e92-4f6e2471eb9d}</UniqueIdentifier>
    </Filter>
    <Filter Include="Source Files\random">
      <UniqueIdentifier>{fd44eb34-2f81-411e-a55f-f279c4b101de}</UniqueIdentifier>
    </Filter>
    <Filter Include="Source Files\sha3">
      <UniqueIdentifier>{656e58e0-96ef-4f93-9711-0ebe15c55da2}</UniqueIdentifier>
    </Filter>
  </ItemGroup>
  <ItemGroup>
    <ClCompile Include="..\consts.c">
      <Filter>Source Files</Filter>
    </ClCompile>
    <ClCompile Include="..\sample.c">
      <Filter>Source Files</Filter>
    </ClCompile>
    <ClCompile Include="..\sign.c">
      <Filter>Source Files</Filter>
    </ClCompile>
    <ClCompile Include="..\random\random.c">
      <Filter>Source Files\random</Filter>
    </ClCompile>
    <ClCompile Include="..\sha3\fips202.c">
      <Filter>Source Files\sha3</Filter>
    </ClCompile>
    <ClCompile Include="..\pack.c">
      <Filter>Source Files</Filter>
    </ClCompile>
    <ClCompile Include="..\gauss.c">
      <Filter>Source Files</Filter>
    </ClCompile>
    <ClCompile Include="..\poly_non2.c">
      <Filter>Source Files</Filter>
    </ClCompile>
  </ItemGroup>
</Project>